
Microsoft Visual Studio Solution File, Format Version 12.00
# Visual Studio 2012
Project("{E24C65DC-7377-472B-9ABA-BC803B73C61A}") = "SPA", "SPA", "{1AD862D4-E0EE-44D6-8B1D-412085D7B19E}"
	ProjectSection(WebsiteProperties) = preProject
		SccProjectName = "SAK"
		SccAuxPath = "SAK"
		SccLocalPath = "SAK"
		SccProvider = "SAK"
		TargetFrameworkMoniker = ".NETFramework,Version%3Dv4.0"
		Debug.AspNetCompiler.VirtualPath = "/SPA"
		Debug.AspNetCompiler.PhysicalPath = "SPA\"
		Debug.AspNetCompiler.TargetPath = "PrecompiledWeb\SPA\"
		Debug.AspNetCompiler.Updateable = "true"
		Debug.AspNetCompiler.ForceOverwrite = "true"
		Debug.AspNetCompiler.FixedNames = "false"
		Debug.AspNetCompiler.Debug = "True"
		Release.AspNetCompiler.VirtualPath = "/SPA"
		Release.AspNetCompiler.PhysicalPath = "SPA\"
		Release.AspNetCompiler.TargetPath = "PrecompiledWeb\SPA\"
		Release.AspNetCompiler.Updateable = "true"
		Release.AspNetCompiler.ForceOverwrite = "true"
		Release.AspNetCompiler.FixedNames = "false"
		Release.AspNetCompiler.Debug = "False"
		VWDPort = "64846"
		VWDVirtualPath = "/"
	EndProjectSection
EndProject
Project("{E24C65DC-7377-472B-9ABA-BC803B73C61A}") = "Evernym", "Evernym", "{EA9EB559-0816-4BEF-9A40-236D7FEEC0A5}"
	ProjectSection(WebsiteProperties) = preProject
		SccProjectName = "SAK"
		SccAuxPath = "SAK"
		SccLocalPath = "SAK"
		SccProvider = "SAK"
		TargetFrameworkMoniker = ".NETFramework,Version%3Dv4.0"
		Debug.AspNetCompiler.VirtualPath = "/Evernym"
		Debug.AspNetCompiler.PhysicalPath = "Evernym\"
		Debug.AspNetCompiler.TargetPath = "PrecompiledWeb\Evernym\"
		Debug.AspNetCompiler.Updateable = "true"
		Debug.AspNetCompiler.ForceOverwrite = "true"
		Debug.AspNetCompiler.FixedNames = "false"
		Debug.AspNetCompiler.Debug = "True"
		Release.AspNetCompiler.VirtualPath = "/Evernym"
		Release.AspNetCompiler.PhysicalPath = "Evernym\"
		Release.AspNetCompiler.TargetPath = "PrecompiledWeb\Evernym\"
		Release.AspNetCompiler.Updateable = "true"
		Release.AspNetCompiler.ForceOverwrite = "true"
		Release.AspNetCompiler.FixedNames = "false"
		Release.AspNetCompiler.Debug = "False"
		VWDPort = "50542"
		VWDVirtualPath = "/"
	EndProjectSection
EndProject
Project("{E24C65DC-7377-472B-9ABA-BC803B73C61A}") = "Website", "Website", "{27C1D106-3052-4AEA-A5C1-F829243A51FD}"
	ProjectSection(WebsiteProperties) = preProject
		SccProjectName = "SAK"
		SccAuxPath = "SAK"
		SccLocalPath = "SAK"
		SccProvider = "SAK"
		TargetFrameworkMoniker = ".NETFramework,Version%3Dv4.0"
		Debug.AspNetCompiler.VirtualPath = "/Website"
		Debug.AspNetCompiler.PhysicalPath = "Website\"
		Debug.AspNetCompiler.TargetPath = "PrecompiledWeb\Website\"
		Debug.AspNetCompiler.Updateable = "true"
		Debug.AspNetCompiler.ForceOverwrite = "true"
		Debug.AspNetCompiler.FixedNames = "false"
		Debug.AspNetCompiler.Debug = "True"
		Release.AspNetCompiler.VirtualPath = "/Website"
		Release.AspNetCompiler.PhysicalPath = "Website\"
		Release.AspNetCompiler.TargetPath = "PrecompiledWeb\Website\"
		Release.AspNetCompiler.Updateable = "true"
		Release.AspNetCompiler.ForceOverwrite = "true"
		Release.AspNetCompiler.FixedNames = "false"
		Release.AspNetCompiler.Debug = "False"
		VWDPort = "52020"
		VWDVirtualPath = "/"
	EndProjectSection
EndProject
Global
	GlobalSection(TeamFoundationVersionControl) = preSolution
		SccNumberOfProjects = 4
		SccEnterpriseProvider = {4CA58AB2-18FA-4F8D-95D4-32DDF27D184C}
		SccTeamFoundationServer = https://evernym.visualstudio.com/defaultcollection
		SccLocalPath0 = .
		SccWebProject1 = true
		SccProjectUniqueName1 = SPA
		SccProjectName1 = SPA
		SccLocalPath1 = SPA
		SccProjectEnlistmentChoice1 = 2
		SccWebProject2 = true
		SccProjectUniqueName2 = Evernym
		SccProjectName2 = Evernym
		SccLocalPath2 = Evernym
		SccProjectEnlistmentChoice2 = 2
		SccWebProject3 = true
		SccProjectUniqueName3 = Website
		SccProjectName3 = Website
		SccLocalPath3 = Website
		SccProjectEnlistmentChoice3 = 2
	EndGlobalSection
	GlobalSection(SolutionConfigurationPlatforms) = preSolution
		Debug|Any CPU = Debug|Any CPU
	EndGlobalSection
	GlobalSection(ProjectConfigurationPlatforms) = postSolution
		{1AD862D4-E0EE-44D6-8B1D-412085D7B19E}.Debug|Any CPU.ActiveCfg = Debug|Any CPU
		{1AD862D4-E0EE-44D6-8B1D-412085D7B19E}.Debug|Any CPU.Build.0 = Debug|Any CPU
		{EA9EB559-0816-4BEF-9A40-236D7FEEC0A5}.Debug|Any CPU.ActiveCfg = Debug|Any CPU
		{EA9EB559-0816-4BEF-9A40-236D7FEEC0A5}.Debug|Any CPU.Build.0 = Debug|Any CPU
		{27C1D106-3052-4AEA-A5C1-F829243A51FD}.Debug|Any CPU.ActiveCfg = Debug|Any CPU
		{27C1D106-3052-4AEA-A5C1-F829243A51FD}.Debug|Any CPU.Build.0 = Debug|Any CPU
	EndGlobalSection
	GlobalSection(SolutionProperties) = preSolution
		HideSolutionNode = FALSE
	EndGlobalSection
EndGlobal
